
Microsoft Visual Studio Solution File, Format Version 12.00
# Visual Studio 2012
Project("{FAE04EC0-301F-11D3-BF4B-00C04F79EFBC}") = "SvgCut", "SvgCut\SvgCut.csproj", "{43FB698C-A4BA-492D-B0E3-EF66147242BA}"
EndProject
Global
	GlobalSection(SolutionConfigurationPlatforms) = preSolution
		Debug|Any CPU = Debug|Any CPU
		Release|Any CPU = Release|Any CPU
	EndGlobalSection
	GlobalSection(ProjectConfigurationPlatforms) = postSolution
		{43FB698C-A4BA-492D-B0E3-EF66147242BA}.Debug|Any CPU.ActiveCfg = Debug|Any CPU
		{43FB698C-A4BA-492D-B0E3-EF66147242BA}.Debug|Any CPU.Build.0 = Debug|Any CPU
		{43FB698C-A4BA-492D-B0E3-EF66147242BA}.Release|Any CPU.ActiveCfg = Release|Any CPU
		{43FB698C-A4BA-492D-B0E3-EF66147242BA}.Release|Any CPU.Build.0 = Release|Any CPU
	EndGlobalSection
	GlobalSection(SolutionProperties) = preSolution
		HideSolutionNode = FALSE
	EndGlobalSection
EndGlobal
