
Microsoft Visual Studio Solution File, Format Version 11.00
# Visual Studio 2010
Project("{2150E333-8FDC-42A3-9474-1A3956D46DE8}") = "Solution Items", "Solution Items", "{B77D5868-C403-4557-A991-3A4C829C9BF3}"
	ProjectSection(SolutionItems) = preProject
		JawiWPF.vsmdi = JawiWPF.vsmdi
		LocalTestRun.testrunconfig = LocalTestRun.testrunconfig
	EndProjectSection
EndProject
Project("{FAE04EC0-301F-11D3-BF4B-00C04F79EFBC}") = "JawiWPF", "JawiWPF\JawiWPF.csproj", "{D93B6079-E5F7-417F-8B4E-43B8EB700014}"
EndProject
Project("{FAE04EC0-301F-11D3-BF4B-00C04F79EFBC}") = "SvgFileGenerator", "SvgFileGenerator\SvgFileGenerator.csproj", "{68B4F6D0-836A-41C5-8A9E-307C68669D1A}"
EndProject
Project("{FAE04EC0-301F-11D3-BF4B-00C04F79EFBC}") = "JawiPatch", "JawiPatch\JawiPatch.csproj", "{DBD370A7-3967-40F5-9CBE-CA4BC15BB2E0}"
EndProject
Project("{FAE04EC0-301F-11D3-BF4B-00C04F79EFBC}") = "HLGranite.Jawi", "HLGranite.Jawi\HLGranite.Jawi.csproj", "{6FB0C4F0-EE8A-4033-8F67-EAB40F661782}"
EndProject
Project("{FAE04EC0-301F-11D3-BF4B-00C04F79EFBC}") = "HLGranite.Jawi.Test", "HLGranite.Jawi.Test\HLGranite.Jawi.Test.csproj", "{26A7BA37-EA9B-4348-BAC0-D82F5AE4121D}"
EndProject
Project("{FAE04EC0-301F-11D3-BF4B-00C04F79EFBC}") = "JawiWPF.Test", "JawiWPF.Test\JawiWPF.Test.csproj", "{48568EA9-549D-4139-91F7-6A630BDE513F}"
EndProject
Project("{FAE04EC0-301F-11D3-BF4B-00C04F79EFBC}") = "MuslimCalendar", "MuslimCalendar\MuslimCalendar.csproj", "{F6CF7439-7229-4B75-B610-E42A94EB5BCC}"
EndProject
Project("{FAE04EC0-301F-11D3-BF4B-00C04F79EFBC}") = "FindLiandui", "FindLiandui\FindLiandui.csproj", "{BF0CE53E-8B13-48EF-A453-0F88B78E6B5C}"
EndProject
Project("{2150E333-8FDC-42A3-9474-1A3956D46DE8}") = "Libraries", "Libraries", "{BAABA82D-FB4B-424B-A597-F1ADFE632853}"
	ProjectSection(SolutionItems) = preProject
		Libraries\WPFToolkit.dll = Libraries\WPFToolkit.dll
	EndProjectSection
EndProject
Project("{FAE04EC0-301F-11D3-BF4B-00C04F79EFBC}") = "FindLiandui.Test", "FindLiandui.Test\FindLiandui.Test.csproj", "{8DA6058C-C494-4626-B0F2-8E98F7D44278}"
EndProject
Global
	GlobalSection(TestCaseManagementSettings) = postSolution
		CategoryFile = JawiWPF.vsmdi
	EndGlobalSection
	GlobalSection(SolutionConfigurationPlatforms) = preSolution
		Debug|Any CPU = Debug|Any CPU
		Debug|Mixed Platforms = Debug|Mixed Platforms
		Debug|x86 = Debug|x86
		Release|Any CPU = Release|Any CPU
		Release|Mixed Platforms = Release|Mixed Platforms
		Release|x86 = Release|x86
	EndGlobalSection
	GlobalSection(ProjectConfigurationPlatforms) = postSolution
		{D93B6079-E5F7-417F-8B4E-43B8EB700014}.Debug|Any CPU.ActiveCfg = Debug|Any CPU
		{D93B6079-E5F7-417F-8B4E-43B8EB700014}.Debug|Any CPU.Build.0 = Debug|Any CPU
		{D93B6079-E5F7-417F-8B4E-43B8EB700014}.Debug|Mixed Platforms.ActiveCfg = Debug|Any CPU
		{D93B6079-E5F7-417F-8B4E-43B8EB700014}.Debug|Mixed Platforms.Build.0 = Debug|Any CPU
		{D93B6079-E5F7-417F-8B4E-43B8EB700014}.Debug|x86.ActiveCfg = Debug|Any CPU
		{D93B6079-E5F7-417F-8B4E-43B8EB700014}.Release|Any CPU.ActiveCfg = Release|Any CPU
		{D93B6079-E5F7-417F-8B4E-43B8EB700014}.Release|Any CPU.Build.0 = Release|Any CPU
		{D93B6079-E5F7-417F-8B4E-43B8EB700014}.Release|Mixed Platforms.ActiveCfg = Release|Any CPU
		{D93B6079-E5F7-417F-8B4E-43B8EB700014}.Release|Mixed Platforms.Build.0 = Release|Any CPU
		{D93B6079-E5F7-417F-8B4E-43B8EB700014}.Release|x86.ActiveCfg = Release|Any CPU
		{68B4F6D0-836A-41C5-8A9E-307C68669D1A}.Debug|Any CPU.ActiveCfg = Debug|Any CPU
		{68B4F6D0-836A-41C5-8A9E-307C68669D1A}.Debug|Any CPU.Build.0 = Debug|Any CPU
		{68B4F6D0-836A-41C5-8A9E-307C68669D1A}.Debug|Mixed Platforms.ActiveCfg = Debug|Any CPU
		{68B4F6D0-836A-41C5-8A9E-307C68669D1A}.Debug|Mixed Platforms.Build.0 = Debug|Any CPU
		{68B4F6D0-836A-41C5-8A9E-307C68669D1A}.Debug|x86.ActiveCfg = Debug|Any CPU
		{68B4F6D0-836A-41C5-8A9E-307C68669D1A}.Release|Any CPU.ActiveCfg = Release|Any CPU
		{68B4F6D0-836A-41C5-8A9E-307C68669D1A}.Release|Any CPU.Build.0 = Release|Any CPU
		{68B4F6D0-836A-41C5-8A9E-307C68669D1A}.Release|Mixed Platforms.ActiveCfg = Release|Any CPU
		{68B4F6D0-836A-41C5-8A9E-307C68669D1A}.Release|Mixed Platforms.Build.0 = Release|Any CPU
		{68B4F6D0-836A-41C5-8A9E-307C68669D1A}.Release|x86.ActiveCfg = Release|Any CPU
		{DBD370A7-3967-40F5-9CBE-CA4BC15BB2E0}.Debug|Any CPU.ActiveCfg = Debug|Any CPU
		{DBD370A7-3967-40F5-9CBE-CA4BC15BB2E0}.Debug|Mixed Platforms.ActiveCfg = Debug|Any CPU
		{DBD370A7-3967-40F5-9CBE-CA4BC15BB2E0}.Debug|Mixed Platforms.Build.0 = Debug|Any CPU
		{DBD370A7-3967-40F5-9CBE-CA4BC15BB2E0}.Debug|x86.ActiveCfg = Debug|Any CPU
		{DBD370A7-3967-40F5-9CBE-CA4BC15BB2E0}.Release|Any CPU.ActiveCfg = Release|Any CPU
		{DBD370A7-3967-40F5-9CBE-CA4BC15BB2E0}.Release|Any CPU.Build.0 = Release|Any CPU
		{DBD370A7-3967-40F5-9CBE-CA4BC15BB2E0}.Release|Mixed Platforms.ActiveCfg = Release|Any CPU
		{DBD370A7-3967-40F5-9CBE-CA4BC15BB2E0}.Release|Mixed Platforms.Build.0 = Release|Any CPU
		{DBD370A7-3967-40F5-9CBE-CA4BC15BB2E0}.Release|x86.ActiveCfg = Release|Any CPU
		{6FB0C4F0-EE8A-4033-8F67-EAB40F661782}.Debug|Any CPU.ActiveCfg = Debug|Any CPU
		{6FB0C4F0-EE8A-4033-8F67-EAB40F661782}.Debug|Any CPU.Build.0 = Debug|Any CPU
		{6FB0C4F0-EE8A-4033-8F67-EAB40F661782}.Debug|Mixed Platforms.ActiveCfg = Debug|Any CPU
		{6FB0C4F0-EE8A-4033-8F67-EAB40F661782}.Debug|Mixed Platforms.Build.0 = Debug|Any CPU
		{6FB0C4F0-EE8A-4033-8F67-EAB40F661782}.Debug|x86.ActiveCfg = Debug|Any CPU
		{6FB0C4F0-EE8A-4033-8F67-EAB40F661782}.Release|Any CPU.ActiveCfg = Release|Any CPU
		{6FB0C4F0-EE8A-4033-8F67-EAB40F661782}.Release|Any CPU.Build.0 = Release|Any CPU
		{6FB0C4F0-EE8A-4033-8F67-EAB40F661782}.Release|Mixed Platforms.ActiveCfg = Release|Any CPU
		{6FB0C4F0-EE8A-4033-8F67-EAB40F661782}.Release|Mixed Platforms.Build.0 = Release|Any CPU
		{6FB0C4F0-EE8A-4033-8F67-EAB40F661782}.Release|x86.ActiveCfg = Release|Any CPU
		{26A7BA37-EA9B-4348-BAC0-D82F5AE4121D}.Debug|Any CPU.ActiveCfg = Debug|Any CPU
		{26A7BA37-EA9B-4348-BAC0-D82F5AE4121D}.Debug|Mixed Platforms.ActiveCfg = Debug|Any CPU
		{26A7BA37-EA9B-4348-BAC0-D82F5AE4121D}.Debug|Mixed Platforms.Build.0 = Debug|Any CPU
		{26A7BA37-EA9B-4348-BAC0-D82F5AE4121D}.Debug|x86.ActiveCfg = Debug|Any CPU
		{26A7BA37-EA9B-4348-BAC0-D82F5AE4121D}.Release|Any CPU.ActiveCfg = Release|Any CPU
		{26A7BA37-EA9B-4348-BAC0-D82F5AE4121D}.Release|Any CPU.Build.0 = Release|Any CPU
		{26A7BA37-EA9B-4348-BAC0-D82F5AE4121D}.Release|Mixed Platforms.ActiveCfg = Release|Any CPU
		{26A7BA37-EA9B-4348-BAC0-D82F5AE4121D}.Release|Mixed Platforms.Build.0 = Release|Any CPU
		{26A7BA37-EA9B-4348-BAC0-D82F5AE4121D}.Release|x86.ActiveCfg = Release|Any CPU
		{48568EA9-549D-4139-91F7-6A630BDE513F}.Debug|Any CPU.ActiveCfg = Debug|Any CPU
		{48568EA9-549D-4139-91F7-6A630BDE513F}.Debug|Any CPU.Build.0 = Debug|Any CPU
		{48568EA9-549D-4139-91F7-6A630BDE513F}.Debug|Mixed Platforms.ActiveCfg = Debug|Any CPU
		{48568EA9-549D-4139-91F7-6A630BDE513F}.Debug|Mixed Platforms.Build.0 = Debug|Any CPU
		{48568EA9-549D-4139-91F7-6A630BDE513F}.Debug|x86.ActiveCfg = Debug|Any CPU
		{48568EA9-549D-4139-91F7-6A630BDE513F}.Release|Any CPU.ActiveCfg = Release|Any CPU
		{48568EA9-549D-4139-91F7-6A630BDE513F}.Release|Any CPU.Build.0 = Release|Any CPU
		{48568EA9-549D-4139-91F7-6A630BDE513F}.Release|Mixed Platforms.ActiveCfg = Release|Any CPU
		{48568EA9-549D-4139-91F7-6A630BDE513F}.Release|Mixed Platforms.Build.0 = Release|Any CPU
		{48568EA9-549D-4139-91F7-6A630BDE513F}.Release|x86.ActiveCfg = Release|Any CPU
		{F6CF7439-7229-4B75-B610-E42A94EB5BCC}.Debug|Any CPU.ActiveCfg = Debug|Any CPU
		{F6CF7439-7229-4B75-B610-E42A94EB5BCC}.Debug|Any CPU.Build.0 = Debug|Any CPU
		{F6CF7439-7229-4B75-B610-E42A94EB5BCC}.Debug|Mixed Platforms.ActiveCfg = Debug|Any CPU
		{F6CF7439-7229-4B75-B610-E42A94EB5BCC}.Debug|Mixed Platforms.Build.0 = Debug|Any CPU
		{F6CF7439-7229-4B75-B610-E42A94EB5BCC}.Debug|x86.ActiveCfg = Debug|Any CPU
		{F6CF7439-7229-4B75-B610-E42A94EB5BCC}.Release|Any CPU.ActiveCfg = Release|Any CPU
		{F6CF7439-7229-4B75-B610-E42A94EB5BCC}.Release|Any CPU.Build.0 = Release|Any CPU
		{F6CF7439-7229-4B75-B610-E42A94EB5BCC}.Release|Mixed Platforms.ActiveCfg = Release|Any CPU
		{F6CF7439-7229-4B75-B610-E42A94EB5BCC}.Release|Mixed Platforms.Build.0 = Release|Any CPU
		{F6CF7439-7229-4B75-B610-E42A94EB5BCC}.Release|x86.ActiveCfg = Release|Any CPU
		{BF0CE53E-8B13-48EF-A453-0F88B78E6B5C}.Debug|Any CPU.ActiveCfg = Debug|x86
		{BF0CE53E-8B13-48EF-A453-0F88B78E6B5C}.Debug|Mixed Platforms.ActiveCfg = Debug|x86
		{BF0CE53E-8B13-48EF-A453-0F88B78E6B5C}.Debug|Mixed Platforms.Build.0 = Debug|x86
		{BF0CE53E-8B13-48EF-A453-0F88B78E6B5C}.Debug|x86.ActiveCfg = Debug|x86
		{BF0CE53E-8B13-48EF-A453-0F88B78E6B5C}.Debug|x86.Build.0 = Debug|x86
		{BF0CE53E-8B13-48EF-A453-0F88B78E6B5C}.Release|Any CPU.ActiveCfg = Release|x86
		{BF0CE53E-8B13-48EF-A453-0F88B78E6B5C}.Release|Mixed Platforms.ActiveCfg = Release|x86
		{BF0CE53E-8B13-48EF-A453-0F88B78E6B5C}.Release|Mixed Platforms.Build.0 = Release|x86
		{BF0CE53E-8B13-48EF-A453-0F88B78E6B5C}.Release|x86.ActiveCfg = Release|x86
		{BF0CE53E-8B13-48EF-A453-0F88B78E6B5C}.Release|x86.Build.0 = Release|x86
		{8DA6058C-C494-4626-B0F2-8E98F7D44278}.Debug|Any CPU.ActiveCfg = Debug|Any CPU
		{8DA6058C-C494-4626-B0F2-8E98F7D44278}.Debug|Any CPU.Build.0 = Debug|Any CPU
		{8DA6058C-C494-4626-B0F2-8E98F7D44278}.Debug|Mixed Platforms.ActiveCfg = Debug|Any CPU
		{8DA6058C-C494-4626-B0F2-8E98F7D44278}.Debug|Mixed Platforms.Build.0 = Debug|Any CPU
		{8DA6058C-C494-4626-B0F2-8E98F7D44278}.Debug|x86.ActiveCfg = Debug|Any CPU
		{8DA6058C-C494-4626-B0F2-8E98F7D44278}.Release|Any CPU.ActiveCfg = Release|Any CPU
		{8DA6058C-C494-4626-B0F2-8E98F7D44278}.Release|Any CPU.Build.0 = Release|Any CPU
		{8DA6058C-C494-4626-B0F2-8E98F7D44278}.Release|Mixed Platforms.ActiveCfg = Release|Any CPU
		{8DA6058C-C494-4626-B0F2-8E98F7D44278}.Release|Mixed Platforms.Build.0 = Release|Any CPU
		{8DA6058C-C494-4626-B0F2-8E98F7D44278}.Release|x86.ActiveCfg = Release|Any CPU
	EndGlobalSection
	GlobalSection(SolutionProperties) = preSolution
		HideSolutionNode = FALSE
	EndGlobalSection
EndGlobal
