
Microsoft Visual Studio Solution File, Format Version 11.00
# Visual Studio 2010
# SharpDevelop 4.3
Project("{FAE04EC0-301F-11D3-BF4B-00C04F79EFBC}") = "NisanWPF", "NisanWPF.csproj", "{EB3A9226-E0AF-4EAA-977D-6D9F4C5E1434}"
EndProject
Global
	GlobalSection(SolutionConfigurationPlatforms) = preSolution
		Debug|Any CPU = Debug|Any CPU
		Release|Any CPU = Release|Any CPU
	EndGlobalSection
	GlobalSection(ProjectConfigurationPlatforms) = postSolution
		{EB3A9226-E0AF-4EAA-977D-6D9F4C5E1434}.Debug|Any CPU.Build.0 = Debug|Any CPU
		{EB3A9226-E0AF-4EAA-977D-6D9F4C5E1434}.Debug|Any CPU.ActiveCfg = Debug|Any CPU
		{EB3A9226-E0AF-4EAA-977D-6D9F4C5E1434}.Release|Any CPU.Build.0 = Release|Any CPU
		{EB3A9226-E0AF-4EAA-977D-6D9F4C5E1434}.Release|Any CPU.ActiveCfg = Release|Any CPU
	EndGlobalSection
EndGlobal
